Microsoft Visual Studio Solution File, Format Version 12.00
# Visual Studio Version 16
VisualStudioVersion = 16.0.30104.148
MinimumVisualStudioVersion = 10.0.40219.1
Project("{2150E333-8FDC-42A3-9474-1A3956D46DE8}") = "Service", "Service", "{88D74C8A-9B0C-41C1-8C2B-9B9E9B6585AA}"
EndProject
Project("{2150E333-8FDC-42A3-9474-1A3956D46DE8}") = "Data", "Data", "{962AF83E-F14C-4CCF-AB31-B13AAFBBCCF1}"
EndProject
Project("{2150E333-8FDC-42A3-9474-1A3956D46DE8}") = "Web", "Web", "{AD5EEC90-D44E-4397-9C0A-F9CC896EF59C}"
EndProject
Project("{2150E333-8FDC-42A3-9474-1A3956D46DE8}") = ".nuget", ".nuget", "{06FC3C8F-B8DD-4EBE-97AB-755745A6D467}"
	ProjectSection(SolutionItems) = preProject
		.nuget\NuGet.Config = .nuget\NuGet.Config
		.nuget\NuGet.exe = .nuget\NuGet.exe
		.nuget\NuGet.targets = .nuget\NuGet.targets
	EndProjectSection
EndProject
Project("{FAE04EC0-301F-11D3-BF4B-00C04F79EFBC}") = "Himall.Web", "Himall.Web\Himall.Web.csproj", "{26F48DDE-4FC4-497B-89ED-AABDAE9733EA}"
EndProject
Project("{FAE04EC0-301F-11D3-BF4B-00C04F79EFBC}") = "Himall.API", "Himall.API\Himall.API.csproj", "{E7DA9AD3-8722-404F-B0FE-C4D727EB04AE}"
EndProject
Project("{2150E333-8FDC-42A3-9474-1A3956D46DE8}") = "Application", "Application", "{EB030BC5-7825-46D7-91BA-1B1670DBD46B}"
EndProject
Project("{FAE04EC0-301F-11D3-BF4B-00C04F79EFBC}") = "Himall.CommonModel", "Himall.CommonModel\Himall.CommonModel.csproj", "{9378BFDF-A45E-416A-AFBA-5ABC792F2613}"
EndProject
Project("{FAE04EC0-301F-11D3-BF4B-00C04F79EFBC}") = "HiMall.OpenApi", "HiMall.OpenApi\HiMall.OpenApi.csproj", "{46D51A9A-9FB3-4B93-9D42-7F53A77846F8}"
EndProject
Project("{FAE04EC0-301F-11D3-BF4B-00C04F79EFBC}") = "Himall.Web.Framework", "Himall.Web.Framework\Himall.Web.Framework.csproj", "{CAD920D8-3B70-4D9D-AD02-677DD789964D}"
EndProject
Project("{FAE04EC0-301F-11D3-BF4B-00C04F79EFBC}") = "Himall.Service", "Himall.Service\Himall.Service.csproj", "{361A90EB-3BBE-405A-826A-33C0D0ACABF7}"
EndProject
Project("{FAE04EC0-301F-11D3-BF4B-00C04F79EFBC}") = "Himall.Application", "Himall.Application\Himall.Application.csproj", "{3853B062-24B6-44FF-B088-CD80FDDFAC37}"
EndProject
Project("{FAE04EC0-301F-11D3-BF4B-00C04F79EFBC}") = "Himall.DTO", "Himall.DTO\Himall.DTO.csproj", "{8E003825-40AF-44FC-B3A2-EDF867B0C050}"
EndProject
Project("{FAE04EC0-301F-11D3-BF4B-00C04F79EFBC}") = "Himall.SmallProgAPI", "Himall.SmallProgAPI\Himall.SmallProgAPI.csproj", "{B6FF370C-B691-4315-803D-A027FE017E58}"
EndProject
Project("{FAE04EC0-301F-11D3-BF4B-00C04F79EFBC}") = "Himall.Entities", "Himall.Entities\Himall.Entities.csproj", "{E13DF551-86E7-4F8A-835F-6E94705561AC}"
EndProject
Project("{FAE04EC0-301F-11D3-BF4B-00C04F79EFBC}") = "Himall.Tasks", "Himall.Tasks\Himall.Tasks.csproj", "{5555C583-2B76-49EB-9283-C60E4D87FACB}"
EndProject
Project("{FAE04EC0-301F-11D3-BF4B-00C04F79EFBC}") = "Himall.Core.Tasks", "Himall.Core.Tasks\Himall.Core.Tasks.csproj", "{E1243AF6-A1B0-458E-9792-1798057D6C97}"
EndProject
Global
	GlobalSection(SolutionConfigurationPlatforms) = preSolution
		Debug|Any CPU = Debug|Any CPU
		Debug|ARM = Debug|ARM
		Debug|x64 = Debug|x64
		Debug|x86 = Debug|x86
		Release|Any CPU = Release|Any CPU
		Release|ARM = Release|ARM
		Release|x64 = Release|x64
		Release|x86 = Release|x86
		Test|Any CPU = Test|Any CPU
		Test|ARM = Test|ARM
		Test|x64 = Test|x64
		Test|x86 = Test|x86
	EndGlobalSection
	GlobalSection(ProjectConfigurationPlatforms) = postSolution
		{E7DA9AD3-8722-404F-B0FE-C4D727EB04AE}.Debug|Any CPU.ActiveCfg = Debug|Any CPU
		{E7DA9AD3-8722-404F-B0FE-C4D727EB04AE}.Debug|Any CPU.Build.0 = Debug|Any CPU
		{E7DA9AD3-8722-404F-B0FE-C4D727EB04AE}.Debug|ARM.ActiveCfg = Debug|Any CPU
		{E7DA9AD3-8722-404F-B0FE-C4D727EB04AE}.Debug|ARM.Build.0 = Debug|Any CPU
		{E7DA9AD3-8722-404F-B0FE-C4D727EB04AE}.Debug|x64.ActiveCfg = Debug|Any CPU
		{E7DA9AD3-8722-404F-B0FE-C4D727EB04AE}.Debug|x64.Build.0 = Debug|Any CPU
		{E7DA9AD3-8722-404F-B0FE-C4D727EB04AE}.Debug|x86.ActiveCfg = Debug|Any CPU
		{E7DA9AD3-8722-404F-B0FE-C4D727EB04AE}.Debug|x86.Build.0 = Debug|Any CPU
		{E7DA9AD3-8722-404F-B0FE-C4D727EB04AE}.Release|Any CPU.ActiveCfg = Release|Any CPU
		{E7DA9AD3-8722-404F-B0FE-C4D727EB04AE}.Release|Any CPU.Build.0 = Release|Any CPU
		{E7DA9AD3-8722-404F-B0FE-C4D727EB04AE}.Release|ARM.ActiveCfg = Release|Any CPU
		{E7DA9AD3-8722-404F-B0FE-C4D727EB04AE}.Release|ARM.Build.0 = Release|Any CPU
		{E7DA9AD3-8722-404F-B0FE-C4D727EB04AE}.Release|x64.ActiveCfg = Release|Any CPU
		{E7DA9AD3-8722-404F-B0FE-C4D727EB04AE}.Release|x64.Build.0 = Release|Any CPU
		{E7DA9AD3-8722-404F-B0FE-C4D727EB04AE}.Release|x86.ActiveCfg = Release|Any CPU
		{E7DA9AD3-8722-404F-B0FE-C4D727EB04AE}.Release|x86.Build.0 = Release|Any CPU
		{E7DA9AD3-8722-404F-B0FE-C4D727EB04AE}.Test|Any CPU.ActiveCfg = Release|Any CPU
		{E7DA9AD3-8722-404F-B0FE-C4D727EB04AE}.Test|Any CPU.Build.0 = Release|Any CPU
		{E7DA9AD3-8722-404F-B0FE-C4D727EB04AE}.Test|ARM.ActiveCfg = Release|Any CPU
		{E7DA9AD3-8722-404F-B0FE-C4D727EB04AE}.Test|ARM.Build.0 = Release|Any CPU
		{E7DA9AD3-8722-404F-B0FE-C4D727EB04AE}.Test|x64.ActiveCfg = Release|Any CPU
		{E7DA9AD3-8722-404F-B0FE-C4D727EB04AE}.Test|x64.Build.0 = Release|Any CPU
		{E7DA9AD3-8722-404F-B0FE-C4D727EB04AE}.Test|x86.ActiveCfg = Release|Any CPU
		{E7DA9AD3-8722-404F-B0FE-C4D727EB04AE}.Test|x86.Build.0 = Release|Any CPU
		{9378BFDF-A45E-416A-AFBA-5ABC792F2613}.Debug|Any CPU.ActiveCfg = Debug|Any CPU
		{9378BFDF-A45E-416A-AFBA-5ABC792F2613}.Debug|Any CPU.Build.0 = Debug|Any CPU
		{9378BFDF-A45E-416A-AFBA-5ABC792F2613}.Debug|ARM.ActiveCfg = Debug|Any CPU
		{9378BFDF-A45E-416A-AFBA-5ABC792F2613}.Debug|ARM.Build.0 = Debug|Any CPU
		{9378BFDF-A45E-416A-AFBA-5ABC792F2613}.Debug|x64.ActiveCfg = Debug|Any CPU
		{9378BFDF-A45E-416A-AFBA-5ABC792F2613}.Debug|x64.Build.0 = Debug|Any CPU
		{9378BFDF-A45E-416A-AFBA-5ABC792F2613}.Debug|x86.ActiveCfg = Debug|Any CPU
		{9378BFDF-A45E-416A-AFBA-5ABC792F2613}.Debug|x86.Build.0 = Debug|Any CPU
		{9378BFDF-A45E-416A-AFBA-5ABC792F2613}.Release|Any CPU.ActiveCfg = Release|Any CPU
		{9378BFDF-A45E-416A-AFBA-5ABC792F2613}.Release|Any CPU.Build.0 = Release|Any CPU
		{9378BFDF-A45E-416A-AFBA-5ABC792F2613}.Release|ARM.ActiveCfg = Release|Any CPU
		{9378BFDF-A45E-416A-AFBA-5ABC792F2613}.Release|ARM.Build.0 = Release|Any CPU
		{9378BFDF-A45E-416A-AFBA-5ABC792F2613}.Release|x64.ActiveCfg = Release|Any CPU
		{9378BFDF-A45E-416A-AFBA-5ABC792F2613}.Release|x64.Build.0 = Release|Any CPU
		{9378BFDF-A45E-416A-AFBA-5ABC792F2613}.Release|x86.ActiveCfg = Release|Any CPU
		{9378BFDF-A45E-416A-AFBA-5ABC792F2613}.Release|x86.Build.0 = Release|Any CPU
		{9378BFDF-A45E-416A-AFBA-5ABC792F2613}.Test|Any CPU.ActiveCfg = Release|Any CPU
		{9378BFDF-A45E-416A-AFBA-5ABC792F2613}.Test|Any CPU.Build.0 = Release|Any CPU
		{9378BFDF-A45E-416A-AFBA-5ABC792F2613}.Test|ARM.ActiveCfg = Release|Any CPU
		{9378BFDF-A45E-416A-AFBA-5ABC792F2613}.Test|ARM.Build.0 = Release|Any CPU
		{9378BFDF-A45E-416A-AFBA-5ABC792F2613}.Test|x64.ActiveCfg = Release|Any CPU
		{9378BFDF-A45E-416A-AFBA-5ABC792F2613}.Test|x64.Build.0 = Release|Any CPU
		{9378BFDF-A45E-416A-AFBA-5ABC792F2613}.Test|x86.ActiveCfg = Release|Any CPU
		{9378BFDF-A45E-416A-AFBA-5ABC792F2613}.Test|x86.Build.0 = Release|Any CPU
		{46D51A9A-9FB3-4B93-9D42-7F53A77846F8}.Debug|Any CPU.ActiveCfg = Debug|Any CPU
		{46D51A9A-9FB3-4B93-9D42-7F53A77846F8}.Debug|Any CPU.Build.0 = Debug|Any CPU
		{46D51A9A-9FB3-4B93-9D42-7F53A77846F8}.Debug|ARM.ActiveCfg = Debug|Any CPU
		{46D51A9A-9FB3-4B93-9D42-7F53A77846F8}.Debug|ARM.Build.0 = Debug|Any CPU
		{46D51A9A-9FB3-4B93-9D42-7F53A77846F8}.Debug|x64.ActiveCfg = Debug|Any CPU
		{46D51A9A-9FB3-4B93-9D42-7F53A77846F8}.Debug|x64.Build.0 = Debug|Any CPU
		{46D51A9A-9FB3-4B93-9D42-7F53A77846F8}.Debug|x86.ActiveCfg = Debug|Any CPU
		{46D51A9A-9FB3-4B93-9D42-7F53A77846F8}.Debug|x86.Build.0 = Debug|Any CPU
		{46D51A9A-9FB3-4B93-9D42-7F53A77846F8}.Release|Any CPU.ActiveCfg = Release|Any CPU
		{46D51A9A-9FB3-4B93-9D42-7F53A77846F8}.Release|Any CPU.Build.0 = Release|Any CPU
		{46D51A9A-9FB3-4B93-9D42-7F53A77846F8}.Release|ARM.ActiveCfg = Release|Any CPU
		{46D51A9A-9FB3-4B93-9D42-7F53A77846F8}.Release|ARM.Build.0 = Release|Any CPU
		{46D51A9A-9FB3-4B93-9D42-7F53A77846F8}.Release|x64.ActiveCfg = Release|Any CPU
		{46D51A9A-9FB3-4B93-9D42-7F53A77846F8}.Release|x64.Build.0 = Release|Any CPU
		{46D51A9A-9FB3-4B93-9D42-7F53A77846F8}.Release|x86.ActiveCfg = Release|Any CPU
		{46D51A9A-9FB3-4B93-9D42-7F53A77846F8}.Release|x86.Build.0 = Release|Any CPU
		{46D51A9A-9FB3-4B93-9D42-7F53A77846F8}.Test|Any CPU.ActiveCfg = Release|Any CPU
		{46D51A9A-9FB3-4B93-9D42-7F53A77846F8}.Test|Any CPU.Build.0 = Release|Any CPU
		{46D51A9A-9FB3-4B93-9D42-7F53A77846F8}.Test|ARM.ActiveCfg = Release|Any CPU
		{46D51A9A-9FB3-4B93-9D42-7F53A77846F8}.Test|ARM.Build.0 = Release|Any CPU
		{46D51A9A-9FB3-4B93-9D42-7F53A77846F8}.Test|x64.ActiveCfg = Release|Any CPU
		{46D51A9A-9FB3-4B93-9D42-7F53A77846F8}.Test|x64.Build.0 = Release|Any CPU
		{46D51A9A-9FB3-4B93-9D42-7F53A77846F8}.Test|x86.ActiveCfg = Release|Any CPU
		{46D51A9A-9FB3-4B93-9D42-7F53A77846F8}.Test|x86.Build.0 = Release|Any CPU
		{26F48DDE-4FC4-497B-89ED-AABDAE9733EA}.Debug|Any CPU.ActiveCfg = Debug|Any CPU
		{26F48DDE-4FC4-497B-89ED-AABDAE9733EA}.Debug|Any CPU.Build.0 = Debug|Any CPU
		{26F48DDE-4FC4-497B-89ED-AABDAE9733EA}.Debug|ARM.ActiveCfg = Debug|Any CPU
		{26F48DDE-4FC4-497B-89ED-AABDAE9733EA}.Debug|ARM.Build.0 = Debug|Any CPU
		{26F48DDE-4FC4-497B-89ED-AABDAE9733EA}.Debug|x64.ActiveCfg = Debug|Any CPU
		{26F48DDE-4FC4-497B-89ED-AABDAE9733EA}.Debug|x64.Build.0 = Debug|Any CPU
		{26F48DDE-4FC4-497B-89ED-AABDAE9733EA}.Debug|x86.ActiveCfg = Debug|Any CPU
		{26F48DDE-4FC4-497B-89ED-AABDAE9733EA}.Debug|x86.Build.0 = Debug|Any CPU
		{26F48DDE-4FC4-497B-89ED-AABDAE9733EA}.Release|Any CPU.ActiveCfg = Release|Any CPU
		{26F48DDE-4FC4-497B-89ED-AABDAE9733EA}.Release|Any CPU.Build.0 = Release|Any CPU
		{26F48DDE-4FC4-497B-89ED-AABDAE9733EA}.Release|ARM.ActiveCfg = Release|Any CPU
		{26F48DDE-4FC4-497B-89ED-AABDAE9733EA}.Release|ARM.Build.0 = Release|Any CPU
		{26F48DDE-4FC4-497B-89ED-AABDAE9733EA}.Release|x64.ActiveCfg = Release|Any CPU
		{26F48DDE-4FC4-497B-89ED-AABDAE9733EA}.Release|x64.Build.0 = Release|Any CPU
		{26F48DDE-4FC4-497B-89ED-AABDAE9733EA}.Release|x86.ActiveCfg = Release|Any CPU
		{26F48DDE-4FC4-497B-89ED-AABDAE9733EA}.Release|x86.Build.0 = Release|Any CPU
		{26F48DDE-4FC4-497B-89ED-AABDAE9733EA}.Test|Any CPU.ActiveCfg = Release|Any CPU
		{26F48DDE-4FC4-497B-89ED-AABDAE9733EA}.Test|Any CPU.Build.0 = Release|Any CPU
		{26F48DDE-4FC4-497B-89ED-AABDAE9733EA}.Test|ARM.ActiveCfg = Release|Any CPU
		{26F48DDE-4FC4-497B-89ED-AABDAE9733EA}.Test|ARM.Build.0 = Release|Any CPU
		{26F48DDE-4FC4-497B-89ED-AABDAE9733EA}.Test|x64.ActiveCfg = Release|Any CPU
		{26F48DDE-4FC4-497B-89ED-AABDAE9733EA}.Test|x64.Build.0 = Release|Any CPU
		{26F48DDE-4FC4-497B-89ED-AABDAE9733EA}.Test|x86.ActiveCfg = Release|Any CPU
		{26F48DDE-4FC4-497B-89ED-AABDAE9733EA}.Test|x86.Build.0 = Release|Any CPU
		{CAD920D8-3B70-4D9D-AD02-677DD789964D}.Debug|Any CPU.ActiveCfg = Debug|Any CPU
		{CAD920D8-3B70-4D9D-AD02-677DD789964D}.Debug|Any CPU.Build.0 = Debug|Any CPU
		{CAD920D8-3B70-4D9D-AD02-677DD789964D}.Debug|ARM.ActiveCfg = Debug|Any CPU
		{CAD920D8-3B70-4D9D-AD02-677DD789964D}.Debug|ARM.Build.0 = Debug|Any CPU
		{CAD920D8-3B70-4D9D-AD02-677DD789964D}.Debug|x64.ActiveCfg = Debug|Any CPU
		{CAD920D8-3B70-4D9D-AD02-677DD789964D}.Debug|x64.Build.0 = Debug|Any CPU
		{CAD920D8-3B70-4D9D-AD02-677DD789964D}.Debug|x86.ActiveCfg = Debug|Any CPU
		{CAD920D8-3B70-4D9D-AD02-677DD789964D}.Debug|x86.Build.0 = Debug|Any CPU
		{CAD920D8-3B70-4D9D-AD02-677DD789964D}.Release|Any CPU.ActiveCfg = Release|Any CPU
		{CAD920D8-3B70-4D9D-AD02-677DD789964D}.Release|Any CPU.Build.0 = Release|Any CPU
		{CAD920D8-3B70-4D9D-AD02-677DD789964D}.Release|ARM.ActiveCfg = Release|Any CPU
		{CAD920D8-3B70-4D9D-AD02-677DD789964D}.Release|ARM.Build.0 = Release|Any CPU
		{CAD920D8-3B70-4D9D-AD02-677DD789964D}.Release|x64.ActiveCfg = Release|Any CPU
		{CAD920D8-3B70-4D9D-AD02-677DD789964D}.Release|x64.Build.0 = Release|Any CPU
		{CAD920D8-3B70-4D9D-AD02-677DD789964D}.Release|x86.ActiveCfg = Release|Any CPU
		{CAD920D8-3B70-4D9D-AD02-677DD789964D}.Release|x86.Build.0 = Release|Any CPU
		{CAD920D8-3B70-4D9D-AD02-677DD789964D}.Test|Any CPU.ActiveCfg = Release|Any CPU
		{CAD920D8-3B70-4D9D-AD02-677DD789964D}.Test|Any CPU.Build.0 = Release|Any CPU
		{CAD920D8-3B70-4D9D-AD02-677DD789964D}.Test|ARM.ActiveCfg = Release|Any CPU
		{CAD920D8-3B70-4D9D-AD02-677DD789964D}.Test|ARM.Build.0 = Release|Any CPU
		{CAD920D8-3B70-4D9D-AD02-677DD789964D}.Test|x64.ActiveCfg = Release|Any CPU
		{CAD920D8-3B70-4D9D-AD02-677DD789964D}.Test|x64.Build.0 = Release|Any CPU
		{CAD920D8-3B70-4D9D-AD02-677DD789964D}.Test|x86.ActiveCfg = Release|Any CPU
		{CAD920D8-3B70-4D9D-AD02-677DD789964D}.Test|x86.Build.0 = Release|Any CPU
		{361A90EB-3BBE-405A-826A-33C0D0ACABF7}.Debug|Any CPU.ActiveCfg = Debug|Any CPU
		{361A90EB-3BBE-405A-826A-33C0D0ACABF7}.Debug|Any CPU.Build.0 = Debug|Any CPU
		{361A90EB-3BBE-405A-826A-33C0D0ACABF7}.Debug|ARM.ActiveCfg = Debug|Any CPU
		{361A90EB-3BBE-405A-826A-33C0D0ACABF7}.Debug|ARM.Build.0 = Debug|Any CPU
		{361A90EB-3BBE-405A-826A-33C0D0ACABF7}.Debug|x64.ActiveCfg = Debug|Any CPU
		{361A90EB-3BBE-405A-826A-33C0D0ACABF7}.Debug|x64.Build.0 = Debug|Any CPU
		{361A90EB-3BBE-405A-826A-33C0D0ACABF7}.Debug|x86.ActiveCfg = Debug|Any CPU
		{361A90EB-3BBE-405A-826A-33C0D0ACABF7}.Debug|x86.Build.0 = Debug|Any CPU
		{361A90EB-3BBE-405A-826A-33C0D0ACABF7}.Release|Any CPU.ActiveCfg = Release|Any CPU
		{361A90EB-3BBE-405A-826A-33C0D0ACABF7}.Release|Any CPU.Build.0 = Release|Any CPU
		{361A90EB-3BBE-405A-826A-33C0D0ACABF7}.Release|ARM.ActiveCfg = Release|Any CPU
		{361A90EB-3BBE-405A-826A-33C0D0ACABF7}.Release|ARM.Build.0 = Release|Any CPU
		{361A90EB-3BBE-405A-826A-33C0D0ACABF7}.Release|x64.ActiveCfg = Release|Any CPU
		{361A90EB-3BBE-405A-826A-33C0D0ACABF7}.Release|x64.Build.0 = Release|Any CPU
		{361A90EB-3BBE-405A-826A-33C0D0ACABF7}.Release|x86.ActiveCfg = Release|Any CPU
		{361A90EB-3BBE-405A-826A-33C0D0ACABF7}.Release|x86.Build.0 = Release|Any CPU
		{361A90EB-3BBE-405A-826A-33C0D0ACABF7}.Test|Any CPU.ActiveCfg = Release|Any CPU
		{361A90EB-3BBE-405A-826A-33C0D0ACABF7}.Test|Any CPU.Build.0 = Release|Any CPU
		{361A90EB-3BBE-405A-826A-33C0D0ACABF7}.Test|ARM.ActiveCfg = Release|Any CPU
		{361A90EB-3BBE-405A-826A-33C0D0ACABF7}.Test|ARM.Build.0 = Release|Any CPU
		{361A90EB-3BBE-405A-826A-33C0D0ACABF7}.Test|x64.ActiveCfg = Release|Any CPU
		{361A90EB-3BBE-405A-826A-33C0D0ACABF7}.Test|x64.Build.0 = Release|Any CPU
		{361A90EB-3BBE-405A-826A-33C0D0ACABF7}.Test|x86.ActiveCfg = Release|Any CPU
		{361A90EB-3BBE-405A-826A-33C0D0ACABF7}.Test|x86.Build.0 = Release|Any CPU
		{3853B062-24B6-44FF-B088-CD80FDDFAC37}.Debug|Any CPU.ActiveCfg = Debug|Any CPU
		{3853B062-24B6-44FF-B088-CD80FDDFAC37}.Debug|Any CPU.Build.0 = Debug|Any CPU
		{3853B062-24B6-44FF-B088-CD80FDDFAC37}.Debug|ARM.ActiveCfg = Debug|Any CPU
		{3853B062-24B6-44FF-B088-CD80FDDFAC37}.Debug|ARM.Build.0 = Debug|Any CPU
		{3853B062-24B6-44FF-B088-CD80FDDFAC37}.Debug|x64.ActiveCfg = Debug|Any CPU
		{3853B062-24B6-44FF-B088-CD80FDDFAC37}.Debug|x64.Build.0 = Debug|Any CPU
		{3853B062-24B6-44FF-B088-CD80FDDFAC37}.Debug|x86.ActiveCfg = Debug|Any CPU
		{3853B062-24B6-44FF-B088-CD80FDDFAC37}.Debug|x86.Build.0 = Debug|Any CPU
		{3853B062-24B6-44FF-B088-CD80FDDFAC37}.Release|Any CPU.ActiveCfg = Release|Any CPU
		{3853B062-24B6-44FF-B088-CD80FDDFAC37}.Release|Any CPU.Build.0 = Release|Any CPU
		{3853B062-24B6-44FF-B088-CD80FDDFAC37}.Release|ARM.ActiveCfg = Release|Any CPU
		{3853B062-24B6-44FF-B088-CD80FDDFAC37}.Release|ARM.Build.0 = Release|Any CPU
		{3853B062-24B6-44FF-B088-CD80FDDFAC37}.Release|x64.ActiveCfg = Release|Any CPU
		{3853B062-24B6-44FF-B088-CD80FDDFAC37}.Release|x64.Build.0 = Release|Any CPU
		{3853B062-24B6-44FF-B088-CD80FDDFAC37}.Release|x86.ActiveCfg = Release|Any CPU
		{3853B062-24B6-44FF-B088-CD80FDDFAC37}.Release|x86.Build.0 = Release|Any CPU
		{3853B062-24B6-44FF-B088-CD80FDDFAC37}.Test|Any CPU.ActiveCfg = Release|Any CPU
		{3853B062-24B6-44FF-B088-CD80FDDFAC37}.Test|Any CPU.Build.0 = Release|Any CPU
		{3853B062-24B6-44FF-B088-CD80FDDFAC37}.Test|ARM.ActiveCfg = Release|Any CPU
		{3853B062-24B6-44FF-B088-CD80FDDFAC37}.Test|ARM.Build.0 = Release|Any CPU
		{3853B062-24B6-44FF-B088-CD80FDDFAC37}.Test|x64.ActiveCfg = Release|Any CPU
		{3853B062-24B6-44FF-B088-CD80FDDFAC37}.Test|x64.Build.0 = Release|Any CPU
		{3853B062-24B6-44FF-B088-CD80FDDFAC37}.Test|x86.ActiveCfg = Release|Any CPU
		{3853B062-24B6-44FF-B088-CD80FDDFAC37}.Test|x86.Build.0 = Release|Any CPU
		{8E003825-40AF-44FC-B3A2-EDF867B0C050}.Debug|Any CPU.ActiveCfg = Debug|Any CPU
		{8E003825-40AF-44FC-B3A2-EDF867B0C050}.Debug|Any CPU.Build.0 = Debug|Any CPU
		{8E003825-40AF-44FC-B3A2-EDF867B0C050}.Debug|ARM.ActiveCfg = Debug|Any CPU
		{8E003825-40AF-44FC-B3A2-EDF867B0C050}.Debug|ARM.Build.0 = Debug|Any CPU
		{8E003825-40AF-44FC-B3A2-EDF867B0C050}.Debug|x64.ActiveCfg = Debug|Any CPU
		{8E003825-40AF-44FC-B3A2-EDF867B0C050}.Debug|x64.Build.0 = Debug|Any CPU
		{8E003825-40AF-44FC-B3A2-EDF867B0C050}.Debug|x86.ActiveCfg = Debug|Any CPU
		{8E003825-40AF-44FC-B3A2-EDF867B0C050}.Debug|x86.Build.0 = Debug|Any CPU
		{8E003825-40AF-44FC-B3A2-EDF867B0C050}.Release|Any CPU.ActiveCfg = Release|Any CPU
		{8E003825-40AF-44FC-B3A2-EDF867B0C050}.Release|Any CPU.Build.0 = Release|Any CPU
		{8E003825-40AF-44FC-B3A2-EDF867B0C050}.Release|ARM.ActiveCfg = Release|Any CPU
		{8E003825-40AF-44FC-B3A2-EDF867B0C050}.Release|ARM.Build.0 = Release|Any CPU
		{8E003825-40AF-44FC-B3A2-EDF867B0C050}.Release|x64.ActiveCfg = Release|Any CPU
		{8E003825-40AF-44FC-B3A2-EDF867B0C050}.Release|x64.Build.0 = Release|Any CPU
		{8E003825-40AF-44FC-B3A2-EDF867B0C050}.Release|x86.ActiveCfg = Release|Any CPU
		{8E003825-40AF-44FC-B3A2-EDF867B0C050}.Release|x86.Build.0 = Release|Any CPU
		{8E003825-40AF-44FC-B3A2-EDF867B0C050}.Test|Any CPU.ActiveCfg = Release|Any CPU
		{8E003825-40AF-44FC-B3A2-EDF867B0C050}.Test|Any CPU.Build.0 = Release|Any CPU
		{8E003825-40AF-44FC-B3A2-EDF867B0C050}.Test|ARM.ActiveCfg = Release|Any CPU
		{8E003825-40AF-44FC-B3A2-EDF867B0C050}.Test|ARM.Build.0 = Release|Any CPU
		{8E003825-40AF-44FC-B3A2-EDF867B0C050}.Test|x64.ActiveCfg = Release|Any CPU
		{8E003825-40AF-44FC-B3A2-EDF867B0C050}.Test|x64.Build.0 = Release|Any CPU
		{8E003825-40AF-44FC-B3A2-EDF867B0C050}.Test|x86.ActiveCfg = Release|Any CPU
		{8E003825-40AF-44FC-B3A2-EDF867B0C050}.Test|x86.Build.0 = Release|Any CPU
		{B6FF370C-B691-4315-803D-A027FE017E58}.Debug|Any CPU.ActiveCfg = Debug|Any CPU
		{B6FF370C-B691-4315-803D-A027FE017E58}.Debug|Any CPU.Build.0 = Debug|Any CPU
		{B6FF370C-B691-4315-803D-A027FE017E58}.Debug|ARM.ActiveCfg = Debug|Any CPU
		{B6FF370C-B691-4315-803D-A027FE017E58}.Debug|ARM.Build.0 = Debug|Any CPU
		{B6FF370C-B691-4315-803D-A027FE017E58}.Debug|x64.ActiveCfg = Debug|Any CPU
		{B6FF370C-B691-4315-803D-A027FE017E58}.Debug|x64.Build.0 = Debug|Any CPU
		{B6FF370C-B691-4315-803D-A027FE017E58}.Debug|x86.ActiveCfg = Debug|Any CPU
		{B6FF370C-B691-4315-803D-A027FE017E58}.Debug|x86.Build.0 = Debug|Any CPU
		{B6FF370C-B691-4315-803D-A027FE017E58}.Release|Any CPU.ActiveCfg = Release|Any CPU
		{B6FF370C-B691-4315-803D-A027FE017E58}.Release|Any CPU.Build.0 = Release|Any CPU
		{B6FF370C-B691-4315-803D-A027FE017E58}.Release|ARM.ActiveCfg = Release|Any CPU
		{B6FF370C-B691-4315-803D-A027FE017E58}.Release|ARM.Build.0 = Release|Any CPU
		{B6FF370C-B691-4315-803D-A027FE017E58}.Release|x64.ActiveCfg = Release|Any CPU
		{B6FF370C-B691-4315-803D-A027FE017E58}.Release|x64.Build.0 = Release|Any CPU
		{B6FF370C-B691-4315-803D-A027FE017E58}.Release|x86.ActiveCfg = Release|Any CPU
		{B6FF370C-B691-4315-803D-A027FE017E58}.Release|x86.Build.0 = Release|Any CPU
		{B6FF370C-B691-4315-803D-A027FE017E58}.Test|Any CPU.ActiveCfg = Release|Any CPU
		{B6FF370C-B691-4315-803D-A027FE017E58}.Test|Any CPU.Build.0 = Release|Any CPU
		{B6FF370C-B691-4315-803D-A027FE017E58}.Test|ARM.ActiveCfg = Release|Any CPU
		{B6FF370C-B691-4315-803D-A027FE017E58}.Test|ARM.Build.0 = Release|Any CPU
		{B6FF370C-B691-4315-803D-A027FE017E58}.Test|x64.ActiveCfg = Release|Any CPU
		{B6FF370C-B691-4315-803D-A027FE017E58}.Test|x64.Build.0 = Release|Any CPU
		{B6FF370C-B691-4315-803D-A027FE017E58}.Test|x86.ActiveCfg = Release|Any CPU
		{B6FF370C-B691-4315-803D-A027FE017E58}.Test|x86.Build.0 = Release|Any CPU
		{E13DF551-86E7-4F8A-835F-6E94705561AC}.Debug|Any CPU.ActiveCfg = Debug|Any CPU
		{E13DF551-86E7-4F8A-835F-6E94705561AC}.Debug|Any CPU.Build.0 = Debug|Any CPU
		{E13DF551-86E7-4F8A-835F-6E94705561AC}.Debug|ARM.ActiveCfg = Debug|Any CPU
		{E13DF551-86E7-4F8A-835F-6E94705561AC}.Debug|ARM.Build.0 = Debug|Any CPU
		{E13DF551-86E7-4F8A-835F-6E94705561AC}.Debug|x64.ActiveCfg = Debug|Any CPU
		{E13DF551-86E7-4F8A-835F-6E94705561AC}.Debug|x64.Build.0 = Debug|Any CPU
		{E13DF551-86E7-4F8A-835F-6E94705561AC}.Debug|x86.ActiveCfg = Debug|Any CPU
		{E13DF551-86E7-4F8A-835F-6E94705561AC}.Debug|x86.Build.0 = Debug|Any CPU
		{E13DF551-86E7-4F8A-835F-6E94705561AC}.Release|Any CPU.ActiveCfg = Release|Any CPU
		{E13DF551-86E7-4F8A-835F-6E94705561AC}.Release|Any CPU.Build.0 = Release|Any CPU
		{E13DF551-86E7-4F8A-835F-6E94705561AC}.Release|ARM.ActiveCfg = Release|Any CPU
		{E13DF551-86E7-4F8A-835F-6E94705561AC}.Release|ARM.Build.0 = Release|Any CPU
		{E13DF551-86E7-4F8A-835F-6E94705561AC}.Release|x64.ActiveCfg = Release|Any CPU
		{E13DF551-86E7-4F8A-835F-6E94705561AC}.Release|x64.Build.0 = Release|Any CPU
		{E13DF551-86E7-4F8A-835F-6E94705561AC}.Release|x86.ActiveCfg = Release|Any CPU
		{E13DF551-86E7-4F8A-835F-6E94705561AC}.Release|x86.Build.0 = Release|Any CPU
		{E13DF551-86E7-4F8A-835F-6E94705561AC}.Test|Any CPU.ActiveCfg = Release|Any CPU
		{E13DF551-86E7-4F8A-835F-6E94705561AC}.Test|Any CPU.Build.0 = Release|Any CPU
		{E13DF551-86E7-4F8A-835F-6E94705561AC}.Test|ARM.ActiveCfg = Release|Any CPU
		{E13DF551-86E7-4F8A-835F-6E94705561AC}.Test|ARM.Build.0 = Release|Any CPU
		{E13DF551-86E7-4F8A-835F-6E94705561AC}.Test|x64.ActiveCfg = Release|Any CPU
		{E13DF551-86E7-4F8A-835F-6E94705561AC}.Test|x64.Build.0 = Release|Any CPU
		{E13DF551-86E7-4F8A-835F-6E94705561AC}.Test|x86.ActiveCfg = Release|Any CPU
		{E13DF551-86E7-4F8A-835F-6E94705561AC}.Test|x86.Build.0 = Release|Any CPU
		{5555C583-2B76-49EB-9283-C60E4D87FACB}.Debug|Any CPU.ActiveCfg = Debug|Any CPU
		{5555C583-2B76-49EB-9283-C60E4D87FACB}.Debug|Any CPU.Build.0 = Debug|Any CPU
		{5555C583-2B76-49EB-9283-C60E4D87FACB}.Debug|ARM.ActiveCfg = Debug|Any CPU
		{5555C583-2B76-49EB-9283-C60E4D87FACB}.Debug|ARM.Build.0 = Debug|Any CPU
		{5555C583-2B76-49EB-9283-C60E4D87FACB}.Debug|x64.ActiveCfg = Debug|Any CPU
		{5555C583-2B76-49EB-9283-C60E4D87FACB}.Debug|x64.Build.0 = Debug|Any CPU
		{5555C583-2B76-49EB-9283-C60E4D87FACB}.Debug|x86.ActiveCfg = Debug|Any CPU
		{5555C583-2B76-49EB-9283-C60E4D87FACB}.Debug|x86.Build.0 = Debug|Any CPU
		{5555C583-2B76-49EB-9283-C60E4D87FACB}.Release|Any CPU.ActiveCfg = Release|Any CPU
		{5555C583-2B76-49EB-9283-C60E4D87FACB}.Release|Any CPU.Build.0 = Release|Any CPU
		{5555C583-2B76-49EB-9283-C60E4D87FACB}.Release|ARM.ActiveCfg = Release|Any CPU
		{5555C583-2B76-49EB-9283-C60E4D87FACB}.Release|ARM.Build.0 = Release|Any CPU
		{5555C583-2B76-49EB-9283-C60E4D87FACB}.Release|x64.ActiveCfg = Release|Any CPU
		{5555C583-2B76-49EB-9283-C60E4D87FACB}.Release|x64.Build.0 = Release|Any CPU
		{5555C583-2B76-49EB-9283-C60E4D87FACB}.Release|x86.ActiveCfg = Release|Any CPU
		{5555C583-2B76-49EB-9283-C60E4D87FACB}.Release|x86.Build.0 = Release|Any CPU
		{5555C583-2B76-49EB-9283-C60E4D87FACB}.Test|Any CPU.ActiveCfg = Debug|Any CPU
		{5555C583-2B76-49EB-9283-C60E4D87FACB}.Test|Any CPU.Build.0 = Debug|Any CPU
		{5555C583-2B76-49EB-9283-C60E4D87FACB}.Test|ARM.ActiveCfg = Debug|Any CPU
		{5555C583-2B76-49EB-9283-C60E4D87FACB}.Test|ARM.Build.0 = Debug|Any CPU
		{5555C583-2B76-49EB-9283-C60E4D87FACB}.Test|x64.ActiveCfg = Debug|Any CPU
		{5555C583-2B76-49EB-9283-C60E4D87FACB}.Test|x64.Build.0 = Debug|Any CPU
		{5555C583-2B76-49EB-9283-C60E4D87FACB}.Test|x86.ActiveCfg = Debug|Any CPU
		{5555C583-2B76-49EB-9283-C60E4D87FACB}.Test|x86.Build.0 = Debug|Any CPU
		{E1243AF6-A1B0-458E-9792-1798057D6C97}.Debug|Any CPU.ActiveCfg = Debug|Any CPU
		{E1243AF6-A1B0-458E-9792-1798057D6C97}.Debug|Any CPU.Build.0 = Debug|Any CPU
		{E1243AF6-A1B0-458E-9792-1798057D6C97}.Debug|ARM.ActiveCfg = Debug|Any CPU
		{E1243AF6-A1B0-458E-9792-1798057D6C97}.Debug|ARM.Build.0 = Debug|Any CPU
		{E1243AF6-A1B0-458E-9792-1798057D6C97}.Debug|x64.ActiveCfg = Debug|Any CPU
		{E1243AF6-A1B0-458E-9792-1798057D6C97}.Debug|x64.Build.0 = Debug|Any CPU
		{E1243AF6-A1B0-458E-9792-1798057D6C97}.Debug|x86.ActiveCfg = Debug|Any CPU
		{E1243AF6-A1B0-458E-9792-1798057D6C97}.Debug|x86.Build.0 = Debug|Any CPU
		{E1243AF6-A1B0-458E-9792-1798057D6C97}.Release|Any CPU.ActiveCfg = Release|Any CPU
		{E1243AF6-A1B0-458E-9792-1798057D6C97}.Release|Any CPU.Build.0 = Release|Any CPU
		{E1243AF6-A1B0-458E-9792-1798057D6C97}.Release|ARM.ActiveCfg = Release|Any CPU
		{E1243AF6-A1B0-458E-9792-1798057D6C97}.Release|ARM.Build.0 = Release|Any CPU
		{E1243AF6-A1B0-458E-9792-1798057D6C97}.Release|x64.ActiveCfg = Release|Any CPU
		{E1243AF6-A1B0-458E-9792-1798057D6C97}.Release|x64.Build.0 = Release|Any CPU
		{E1243AF6-A1B0-458E-9792-1798057D6C97}.Release|x86.ActiveCfg = Release|Any CPU
		{E1243AF6-A1B0-458E-9792-1798057D6C97}.Release|x86.Build.0 = Release|Any CPU
		{E1243AF6-A1B0-458E-9792-1798057D6C97}.Test|Any CPU.ActiveCfg = Debug|Any CPU
		{E1243AF6-A1B0-458E-9792-1798057D6C97}.Test|Any CPU.Build.0 = Debug|Any CPU
		{E1243AF6-A1B0-458E-9792-1798057D6C97}.Test|ARM.ActiveCfg = Debug|Any CPU
		{E1243AF6-A1B0-458E-9792-1798057D6C97}.Test|ARM.Build.0 = Debug|Any CPU
		{E1243AF6-A1B0-458E-9792-1798057D6C97}.Test|x64.ActiveCfg = Debug|Any CPU
		{E1243AF6-A1B0-458E-9792-1798057D6C97}.Test|x64.Build.0 = Debug|Any CPU
		{E1243AF6-A1B0-458E-9792-1798057D6C97}.Test|x86.ActiveCfg = Debug|Any CPU
		{E1243AF6-A1B0-458E-9792-1798057D6C97}.Test|x86.Build.0 = Debug|Any CPU
	EndGlobalSection
	GlobalSection(SolutionProperties) = preSolution
		HideSolutionNode = FALSE
	EndGlobalSection
	GlobalSection(NestedProjects) = preSolution
		{E7DA9AD3-8722-404F-B0FE-C4D727EB04AE} = {AD5EEC90-D44E-4397-9C0A-F9CC896EF59C}
		{9378BFDF-A45E-416A-AFBA-5ABC792F2613} = {962AF83E-F14C-4CCF-AB31-B13AAFBBCCF1}
		{46D51A9A-9FB3-4B93-9D42-7F53A77846F8} = {AD5EEC90-D44E-4397-9C0A-F9CC896EF59C}
		{26F48DDE-4FC4-497B-89ED-AABDAE9733EA} = {AD5EEC90-D44E-4397-9C0A-F9CC896EF59C}
		{CAD920D8-3B70-4D9D-AD02-677DD789964D} = {AD5EEC90-D44E-4397-9C0A-F9CC896EF59C}
		{361A90EB-3BBE-405A-826A-33C0D0ACABF7} = {88D74C8A-9B0C-41C1-8C2B-9B9E9B6585AA}
		{3853B062-24B6-44FF-B088-CD80FDDFAC37} = {EB030BC5-7825-46D7-91BA-1B1670DBD46B}
		{8E003825-40AF-44FC-B3A2-EDF867B0C050} = {962AF83E-F14C-4CCF-AB31-B13AAFBBCCF1}
		{B6FF370C-B691-4315-803D-A027FE017E58} = {AD5EEC90-D44E-4397-9C0A-F9CC896EF59C}
		{E13DF551-86E7-4F8A-835F-6E94705561AC} = {962AF83E-F14C-4CCF-AB31-B13AAFBBCCF1}
		{5555C583-2B76-49EB-9283-C60E4D87FACB} = {EB030BC5-7825-46D7-91BA-1B1670DBD46B}
		{E1243AF6-A1B0-458E-9792-1798057D6C97} = {EB030BC5-7825-46D7-91BA-1B1670DBD46B}
	EndGlobalSection
	GlobalSection(ExtensibilityGlobals) = postSolution
		SolutionGuid = {7D482F01-60CA-4F9D-8F4D-2A43FA65602B}
	EndGlobalSection
EndGlobal
